
Microsoft Visual Studio Solution File, Format Version 12.00
# Visual Studio Version 17
VisualStudioVersion = 17.9.34723.18
MinimumVisualStudioVersion = 10.0.40219.1
Project("{FAE04EC0-301F-11D3-BF4B-00C04F79EFBC}") = "AzureStorageQueueDemo", "AzureStorageQueueDemo.csproj", "{ACF2C1DD-51A6-4EBE-B12D-1A0F2C52C490}"
EndProject
Global
	GlobalSection(SolutionConfigurationPlatforms) = preSolution
		Debug|Any CPU = Debug|Any CPU
		Release|Any CPU = Release|Any CPU
	EndGlobalSection
	GlobalSection(ProjectConfigurationPlatforms) = postSolution
		{ACF2C1DD-51A6-4EBE-B12D-1A0F2C52C490}.Debug|Any CPU.ActiveCfg = Debug|Any CPU
		{ACF2C1DD-51A6-4EBE-B12D-1A0F2C52C490}.Debug|Any CPU.Build.0 = Debug|Any CPU
		{ACF2C1DD-51A6-4EBE-B12D-1A0F2C52C490}.Release|Any CPU.ActiveCfg = Release|Any CPU
		{ACF2C1DD-51A6-4EBE-B12D-1A0F2C52C490}.Release|Any CPU.Build.0 = Release|Any CPU
	EndGlobalSection
	GlobalSection(SolutionProperties) = preSolution
		HideSolutionNode = FALSE
	EndGlobalSection
	GlobalSection(ExtensibilityGlobals) = postSolution
		SolutionGuid = {AE4DFA9D-214D-4C2F-A2DD-D6A10C9A6F5B}
	EndGlobalSection
EndGlobal
